
Microsoft Visual Studio Solution File, Format Version 12.00
# Visual Studio Version 17
VisualStudioVersion = 17.0.31919.166
MinimumVisualStudioVersion = 10.0.40219.1
Project("{FAE04EC0-301F-11D3-BF4B-00C04F79EFBC}") = "RabbiMqGet", "RabbiMqGet\RabbiMqGet.csproj", "{62472081-4B8A-4249-B2CF-F5FF301BBF6D}"
EndProject
Global
	GlobalSection(SolutionConfigurationPlatforms) = preSolution
		Debug|Any CPU = Debug|Any CPU
		Release|Any CPU = Release|Any CPU
	EndGlobalSection
	GlobalSection(ProjectConfigurationPlatforms) = postSolution
		{62472081-4B8A-4249-B2CF-F5FF301BBF6D}.Debug|Any CPU.ActiveCfg = Debug|Any CPU
		{62472081-4B8A-4249-B2CF-F5FF301BBF6D}.Debug|Any CPU.Build.0 = Debug|Any CPU
		{62472081-4B8A-4249-B2CF-F5FF301BBF6D}.Release|Any CPU.ActiveCfg = Release|Any CPU
		{62472081-4B8A-4249-B2CF-F5FF301BBF6D}.Release|Any CPU.Build.0 = Release|Any CPU
	EndGlobalSection
	GlobalSection(SolutionProperties) = preSolution
		HideSolutionNode = FALSE
	EndGlobalSection
	GlobalSection(ExtensibilityGlobals) = postSolution
		SolutionGuid = {B253D1D7-4ECE-4AA1-977F-C3831FDAFCF7}
	EndGlobalSection
EndGlobal
